
Microsoft Visual Studio Solution File, Format Version 12.00
# Visual Studio Version 18
VisualStudioVersion = 18.1.11312.151 d18.0
MinimumVisualStudioVersion = 10.0.40219.1
Project("{FAE04EC0-301F-11D3-BF4B-00C04F79EFBC}") = "EfCore15", "EFCORE15\EfCore15.csproj", "{64161CC0-BA12-8934-BED6-2CC8D8C44654}"
EndProject
Global
	GlobalSection(SolutionConfigurationPlatforms) = preSolution
		Debug|Any CPU = Debug|Any CPU
		Release|Any CPU = Release|Any CPU
	EndGlobalSection
	GlobalSection(ProjectConfigurationPlatforms) = postSolution
		{64161CC0-BA12-8934-BED6-2CC8D8C44654}.Debug|Any CPU.ActiveCfg = Debug|Any CPU
		{64161CC0-BA12-8934-BED6-2CC8D8C44654}.Debug|Any CPU.Build.0 = Debug|Any CPU
		{64161CC0-BA12-8934-BED6-2CC8D8C44654}.Release|Any CPU.ActiveCfg = Release|Any CPU
		{64161CC0-BA12-8934-BED6-2CC8D8C44654}.Release|Any CPU.Build.0 = Release|Any CPU
	EndGlobalSection
	GlobalSection(SolutionProperties) = preSolution
		HideSolutionNode = FALSE
	EndGlobalSection
	GlobalSection(ExtensibilityGlobals) = postSolution
		SolutionGuid = {70283C61-3079-46FB-AF4C-B893EFA5A405}
	EndGlobalSection
EndGlobal
